// !$*UTF8*$!
{
	archiveVersion = 1;
	classes = {
	};
	objectVersion = 46;
	objects = {

/* Begin PBXBuildFile section */
		1DA8D82E1CACCD56009780C6 /* main.m in Sources */ = {isa = PBXBuildFile; fileRef = 1DA8D82D1CACCD56009780C6 /* main.m */; };
		1DA8D8311CACCD56009780C6 /* AppDelegate.m in Sources */ = {isa = PBXBuildFile; fileRef = 1DA8D8301CACCD56009780C6 /* AppDelegate.m */; };
		1DA8D8341CACCD56009780C6 /* OmarsWheterService.xcdatamodeld in Sources */ = {isa = PBXBuildFile; fileRef = 1DA8D8321CACCD56009780C6 /* OmarsWheterService.xcdatamodeld */; };
		1DA8D8371CACCD56009780C6 /* MasterViewController.m in Sources */ = {isa = PBXBuildFile; fileRef = 1DA8D8361CACCD56009780C6 /* MasterViewController.m */; };
		1DA8D83A1CACCD56009780C6 /* DetailViewController.m in Sources */ = {isa = PBXBuildFile; fileRef = 1DA8D8391CACCD56009780C6 /* DetailViewController.m */; };
		1DA8D83D1CACCD56009780C6 /* Main.storyboard in Resources */ = {isa = PBXBuildFile; fileRef = 1DA8D83B1CACCD56009780C6 /* Main.storyboard */; };
		1DA8D83F1CACCD56009780C6 /* Images.xcassets in Resources */ = {isa = PBXBuildFile; fileRef = 1DA8D83E1CACCD56009780C6 /* Images.xcassets */; };
		1DA8D8421CACCD56009780C6 /* LaunchScreen.xib in Resources */ = {isa = PBXBuildFile; fileRef = 1DA8D8401CACCD56009780C6 /* LaunchScreen.xib */; };
		1DA8D84E1CACCD56009780C6 /* OmarsWheterServiceTests.m in Sources */ = {isa = PBXBuildFile; fileRef = 1DA8D84D1CACCD56009780C6 /* OmarsWheterServiceTests.m */; };
/* End PBXBuildFile section */

/* Begin PBXContainerItemProxy section */
		1DA8D8481CACCD56009780C6 /* PBXContainerItemProxy */ = {
			isa = PBXContainerItemProxy;
			containerPortal = 1DA8D8201CACCD56009780C6 /* Project object */;
			proxyType = 1;
			remoteGlobalIDString = 1DA8D8271CACCD56009780C6;
			remoteInfo = OmarsWheterService;
		};
/* End PBXContainerItemProxy section */

/* Begin PBXFileReference section */
		1DA8D8281CACCD56009780C6 /* OmarsWheterService.app */ = {isa = PBXFileReference; explicitFileType = wrapper.application; includeInIndex = 0; path = OmarsWheterService.app; sourceTree = BUILT_PRODUCTS_DIR; };
		1DA8D82C1CACCD56009780C6 /* Info.plist */ = {isa = PBXFileReference; lastKnownFileType = text.plist.xml; path = Info.plist; sourceTree = "<group>"; };
		1DA8D82D1CACCD56009780C6 /* main.m */ = {isa = PBXFileReference; lastKnownFileType = sourcecode.c.objc; path = main.m; sourceTree = "<group>"; };
		1DA8D82F1CACCD56009780C6 /* AppDelegate.h */ = {isa = PBXFileReference; lastKnownFileType = sourcecode.c.h; path = AppDelegate.h; sourceTree = "<group>"; };
		1DA8D8301CACCD56009780C6 /* AppDelegate.m */ = {isa = PBXFileReference; lastKnownFileType = sourcecode.c.objc; path = AppDelegate.m; sourceTree = "<group>"; };
		1DA8D8331CACCD56009780C6 /* OmarsWheterService.xcdatamodel */ = {isa = PBXFileReference; lastKnownFileType = wrapper.xcdatamodel; path = OmarsWheterService.xcdatamodel; sourceTree = "<group>"; };
		1DA8D8351CACCD56009780C6 /* MasterViewController.h */ = {isa = PBXFileReference; lastKnownFileType = sourcecode.c.h; path = MasterViewController.h; sourceTree = "<group>"; };
		1DA8D8361CACCD56009780C6 /* MasterViewController.m */ = {isa = PBXFileReference; lastKnownFileType = sourcecode.c.objc; path = MasterViewController.m; sourceTree = "<group>"; };
		1DA8D8381CACCD56009780C6 /* DetailViewController.h */ = {isa = PBXFileReference; lastKnownFileType = sourcecode.c.h; path = DetailViewController.h; sourceTree = "<group>"; };
		1DA8D8391CACCD56009780C6 /* DetailViewController.m */ = {isa = PBXFileReference; lastKnownFileType = sourcecode.c.objc; path = DetailViewController.m; sourceTree = "<group>"; };
		1DA8D83C1CACCD56009780C6 /* Base */ = {isa = PBXFileReference; lastKnownFileType = file.storyboard; name = Base; path = Base.lproj/Main.storyboard; sourceTree = "<group>"; };
		1DA8D83E1CACCD56009780C6 /* Images.xcassets */ = {isa = PBXFileReference; lastKnownFileType = folder.assetcatalog; path = Images.xcassets; sourceTree = "<group>"; };
		1DA8D8411CACCD56009780C6 /* Base */ = {isa = PBXFileReference; lastKnownFileType = file.xib; name = Base; path = Base.lproj/LaunchScreen.xib; sourceTree = "<group>"; };
		1DA8D8471CACCD56009780C6 /* OmarsWheterServiceTests.xctest */ = {isa = PBXFileReference; explicitFileType = wrapper.cfbundle; includeInIndex = 0; path = OmarsWheterServiceTests.xctest; sourceTree = BUILT_PRODUCTS_DIR; };
		1DA8D84C1CACCD56009780C6 /* Info.plist */ = {isa = PBXFileReference; lastKnownFileType = text.plist.xml; path = Info.plist; sourceTree = "<group>"; };
		1DA8D84D1CACCD56009780C6 /* OmarsWheterServiceTests.m */ = {isa = PBXFileReference; lastKnownFileType = sourcecode.c.objc; path = OmarsWheterServiceTests.m; sourceTree = "<group>"; };
/* End PBXFileReference section */

/* Begin PBXFrameworksBuildPhase section */
		1DA8D8251CACCD56009780C6 /* Frameworks */ = {
			isa = PBXFrameworksBuildPhase;
			buildActionMask = 2147483647;
			files = (
			);
			runOnlyForDeploymentPostprocessing = 0;
		};
		1DA8D8441CACCD56009780C6 /* Frameworks */ = {
			isa = PBXFrameworksBuildPhase;
			buildActionMask = 2147483647;
			files = (
			);
			runOnlyForDeploymentPostprocessing = 0;
		};
/* End PBXFrameworksBuildPhase section */

/* Begin PBXGroup section */
		1DA8D81F1CACCD56009780C6 = {
			isa = PBXGroup;
			children = (
				1DA8D82A1CACCD56009780C6 /* OmarsWheterService */,
				1DA8D84A1CACCD56009780C6 /* OmarsWheterServiceTests */,
				1DA8D8291CACCD56009780C6 /* Products */,
			);
			sourceTree = "<group>";
		};
		1DA8D8291CACCD56009780C6 /* Products */ = {
			isa = PBXGroup;
			children = (
				1DA8D8281CACCD56009780C6 /* OmarsWheterService.app */,
				1DA8D8471CACCD56009780C6 /* OmarsWheterServiceTests.xctest */,
			);
			name = Products;
			sourceTree = "<group>";
		};
		1DA8D82A1CACCD56009780C6 /* OmarsWheterService */ = {
			isa = PBXGroup;
			children = (
				1DA8D82F1CACCD56009780C6 /* AppDelegate.h */,
				1DA8D8301CACCD56009780C6 /* AppDelegate.m */,
				1DA8D8351CACCD56009780C6 /* MasterViewController.h */,
				1DA8D8361CACCD56009780C6 /* MasterViewController.m */,
				1DA8D8381CACCD56009780C6 /* DetailViewController.h */,
				1DA8D8391CACCD56009780C6 /* DetailViewController.m */,
				1DA8D83B1CACCD56009780C6 /* Main.storyboard */,
				1DA8D83E1CACCD56009780C6 /* Images.xcassets */,
				1DA8D8401CACCD56009780C6 /* LaunchScreen.xib */,
				1DA8D8321CACCD56009780C6 /* OmarsWheterService.xcdatamodeld */,
				1DA8D82B1CACCD56009780C6 /* Supporting Files */,
			);
			path = OmarsWheterService;
			sourceTree = "<group>";
		};
		1DA8D82B1CACCD56009780C6 /* Supporting Files */ = {
			isa = PBXGroup;
			children = (
				1DA8D82C1CACCD56009780C6 /* Info.plist */,
				1DA8D82D1CACCD56009780C6 /* main.m */,
			);
			name = "Supporting Files";
			sourceTree = "<group>";
		};
		1DA8D84A1CACCD56009780C6 /* OmarsWheterServiceTests */ = {
			isa = PBXGroup;
			children = (
				1DA8D84D1CACCD56009780C6 /* OmarsWheterServiceTests.m */,
				1DA8D84B1CACCD56009780C6 /* Supporting Files */,
			);
			path = OmarsWheterServiceTests;
			sourceTree = "<group>";
		};
		1DA8D84B1CACCD56009780C6 /* Supporting Files */ = {
			isa = PBXGroup;
			children = (
				1DA8D84C1CACCD56009780C6 /* Info.plist */,
			);
			name = "Supporting Files";
			sourceTree = "<group>";
		};
/* End PBXGroup section */

/* Begin PBXNativeTarget section */
		1DA8D8271CACCD56009780C6 /* OmarsWheterService */ = {
			isa = PBXNativeTarget;
			buildConfigurationList = 1DA8D8511CACCD56009780C6 /* Build configuration list for PBXNativeTarget "OmarsWheterService" */;
			buildPhases = (
				1DA8D8241CACCD56009780C6 /* Sources */,
				1DA8D8251CACCD56009780C6 /* Frameworks */,
				1DA8D8261CACCD56009780C6 /* Resources */,
			);
			buildRules = (
			);
			dependencies = (
			);
			name = OmarsWheterService;
			productName = OmarsWheterService;
			productReference = 1DA8D8281CACCD56009780C6 /* OmarsWheterService.app */;
			productType = "com.apple.product-type.application";
		};
		1DA8D8461CACCD56009780C6 /* OmarsWheterServiceTests */ = {
			isa = PBXNativeTarget;
			buildConfigurationList = 1DA8D8541CACCD56009780C6 /* Build configuration list for PBXNativeTarget "OmarsWheterServiceTests" */;
			buildPhases = (
				1DA8D8431CACCD56009780C6 /* Sources */,
				1DA8D8441CACCD56009780C6 /* Frameworks */,
				1DA8D8451CACCD56009780C6 /* Resources */,
			);
			buildRules = (
			);
			dependencies = (
				1DA8D8491CACCD56009780C6 /* PBXTargetDependency */,
			);
			name = OmarsWheterServiceTests;
			productName = OmarsWheterServiceTests;
			productReference = 1DA8D8471CACCD56009780C6 /* OmarsWheterServiceTests.xctest */;
			productType = "com.apple.product-type.bundle.unit-test";
		};
/* End PBXNativeTarget section */

/* Begin PBXProject section */
		1DA8D8201CACCD56009780C6 /* Project object */ = {
			isa = PBXProject;
			attributes = {
				LastUpgradeCheck = 0630;
				ORGANIZATIONNAME = "Omar Jair Castro Arreola";
				TargetAttributes = {
					1DA8D8271CACCD56009780C6 = {
						CreatedOnToolsVersion = 6.3.2;
					};
					1DA8D8461CACCD56009780C6 = {
						CreatedOnToolsVersion = 6.3.2;
						TestTargetID = 1DA8D8271CACCD56009780C6;
					};
				};
			};
			buildConfigurationList = 1DA8D8231CACCD56009780C6 /* Build configuration list for PBXProject "OmarsWheterService" */;
			compatibilityVersion = "Xcode 3.2";
			developmentRegion = English;
			hasScannedForEncodings = 0;
			knownRegions = (
				en,
				Base,
			);
			mainGroup = 1DA8D81F1CACCD56009780C6;
			productRefGroup = 1DA8D8291CACCD56009780C6 /* Products */;
			projectDirPath = "";
			projectRoot = "";
			targets = (
				1DA8D8271CACCD56009780C6 /* OmarsWheterService */,
				1DA8D8461CACCD56009780C6 /* OmarsWheterServiceTests */,
			);
		};
/* End PBXProject section */

/* Begin PBXResourcesBuildPhase section */
		1DA8D8261CACCD56009780C6 /* Resources */ = {
			isa = PBXResourcesBuildPhase;
			buildActionMask = 2147483647;
			files = (
				1DA8D83D1CACCD56009780C6 /* Main.storyboard in Resources */,
				1DA8D8421CACCD56009780C6 /* LaunchScreen.xib in Resources */,
				1DA8D83F1CACCD56009780C6 /* Images.xcassets in Resources */,
			);
			runOnlyForDeploymentPostprocessing = 0;
		};
		1DA8D8451CACCD56009780C6 /* Resources */ = {
			isa = PBXResourcesBuildPhase;
			buildActionMask = 2147483647;
			files = (
			);
			runOnlyForDeploymentPostprocessing = 0;
		};
/* End PBXResourcesBuildPhase section */

/* Begin PBXSourcesBuildPhase section */
		1DA8D8241CACCD56009780C6 /* Sources */ = {
			isa = PBXSourcesBuildPhase;
			buildActionMask = 2147483647;
			files = (
				1DA8D83A1CACCD56009780C6 /* DetailViewController.m in Sources */,
				1DA8D8371CACCD56009780C6 /* MasterViewController.m in Sources */,
				1DA8D8311CACCD56009780C6 /* AppDelegate.m in Sources */,
				1DA8D82E1CACCD56009780C6 /* main.m in Sources */,
				1DA8D8341CACCD56009780C6 /* OmarsWheterService.xcdatamodeld in Sources */,
			);
			runOnlyForDeploymentPostprocessing = 0;
		};
		1DA8D8431CACCD56009780C6 /* Sources */ = {
			isa = PBXSourcesBuildPhase;
			buildActionMask = 2147483647;
			files = (
				1DA8D84E1CACCD56009780C6 /* OmarsWheterServiceTests.m in Sources */,
			);
			runOnlyForDeploymentPostprocessing = 0;
		};
/* End PBXSourcesBuildPhase section */

/* Begin PBXTargetDependency section */
		1DA8D8491CACCD56009780C6 /* PBXTargetDependency */ = {
			isa = PBXTargetDependency;
			target = 1DA8D8271CACCD56009780C6 /* OmarsWheterService */;
			targetProxy = 1DA8D8481CACCD56009780C6 /* PBXContainerItemProxy */;
		};
/* End PBXTargetDependency section */

/* Begin PBXVariantGroup section */
		1DA8D83B1CACCD56009780C6 /* Main.storyboard */ = {
			isa = PBXVariantGroup;
			children = (
				1DA8D83C1CACCD56009780C6 /* Base */,
			);
			name = Main.storyboard;
			sourceTree = "<group>";
		};
		1DA8D8401CACCD56009780C6 /* LaunchScreen.xib */ = {
			isa = PBXVariantGroup;
			children = (
				1DA8D8411CACCD56009780C6 /* Base */,
			);
			name = LaunchScreen.xib;
			sourceTree = "<group>";
		};
/* End PBXVariantGroup section */

/* Begin XCBuildConfiguration section */
		1DA8D84F1CACCD56009780C6 /* Debug */ = {
			isa = XCBuildConfiguration;
			buildSettings = {
				ALWAYS_SEARCH_USER_PATHS = NO;
				CLANG_CXX_LANGUAGE_STANDARD = "gnu++0x";
				CLANG_CXX_LIBRARY = "libc++";
				CLANG_ENABLE_MODULES = YES;
				CLANG_ENABLE_OBJC_ARC = YES;
				CLANG_WARN_BOOL_CONVERSION = YES;
				CLANG_WARN_CONSTANT_CONVERSION = YES;
				CLANG_WARN_DIRECT_OBJC_ISA_USAGE = YES_ERROR;
				CLANG_WARN_EMPTY_BODY = YES;
				CLANG_WARN_ENUM_CONVERSION = YES;
				CLANG_WARN_INT_CONVERSION = YES;
				CLANG_WARN_OBJC_ROOT_CLASS = YES_ERROR;
				CLANG_WARN_UNREACHABLE_CODE = YES;
				CLANG_WARN__DUPLICATE_METHOD_MATCH = YES;
				"CODE_SIGN_IDENTITY[sdk=iphoneos*]" = "iPhone Developer";
				COPY_PHASE_STRIP = NO;
				DEBUG_INFORMATION_FORMAT = "dwarf-with-dsym";
				ENABLE_STRICT_OBJC_MSGSEND = YES;
				GCC_C_LANGUAGE_STANDARD = gnu99;
				GCC_DYNAMIC_NO_PIC = NO;
				GCC_NO_COMMON_BLOCKS = YES;
				GCC_OPTIMIZATION_LEVEL = 0;
				GCC_PREPROCESSOR_DEFINITIONS = (
					"DEBUG=1",
					"$(inherited)",
				);
				GCC_SYMBOLS_PRIVATE_EXTERN = NO;
				GCC_WARN_64_TO_32_BIT_CONVERSION = YES;
				GCC_WARN_ABOUT_RETURN_TYPE = YES_ERROR;
				GCC_WARN_UNDECLARED_SELECTOR = YES;
				GCC_WARN_UNINITIALIZED_AUTOS = YES_AGGRESSIVE;
				GCC_WARN_UNUSED_FUNCTION = YES;
				GCC_WARN_UNUSED_VARIABLE = YES;
				IPHONEOS_DEPLOYMENT_TARGET = 8.3;
				MTL_ENABLE_DEBUG_INFO = YES;
				ONLY_ACTIVE_ARCH = YES;
				SDKROOT = iphoneos;
				TARGETED_DEVICE_FAMILY = "1,2";
			};
			name = Debug;
		};
		1DA8D8501CACCD56009780C6 /* Release */ = {
			isa = XCBuildConfiguration;
			buildSettings = {
				ALWAYS_SEARCH_USER_PATHS = NO;
				CLANG_CXX_LANGUAGE_STANDARD = "gnu++0x";
				CLANG_CXX_LIBRARY = "libc++";
				CLANG_ENABLE_MODULES = YES;
				CLANG_ENABLE_OBJC_ARC = YES;
				CLANG_WARN_BOOL_CONVERSION = YES;
				CLANG_WARN_CONSTANT_CONVERSION = YES;
				CLANG_WARN_DIRECT_OBJC_ISA_USAGE = YES_ERROR;
				CLANG_WARN_EMPTY_BODY = YES;
				CLANG_WARN_ENUM_CONVERSION = YES;
				CLANG_WARN_INT_CONVERSION = YES;
				CLANG_WARN_OBJC_ROOT_CLASS = YES_ERROR;
				CLANG_WARN_UNREACHABLE_CODE = YES;
				CLANG_WARN__DUPLICATE_METHOD_MATCH = YES;
				"CODE_SIGN_IDENTITY[sdk=iphoneos*]" = "iPhone Developer";
				COPY_PHASE_STRIP = NO;
				DEBUG_INFORMATION_FORMAT = "dwarf-with-dsym";
				ENABLE_NS_ASSERTIONS = NO;
				ENABLE_STRICT_OBJC_MSGSEND = YES;
				GCC_C_LANGUAGE_STANDARD = gnu99;
				GCC_NO_COMMON_BLOCKS = YES;
				GCC_WARN_64_TO_32_BIT_CONVERSION = YES;
				GCC_WARN_ABOUT_RETURN_TYPE = YES_ERROR;
				GCC_WARN_UNDECLARED_SELECTOR = YES;
				GCC_WARN_UNINITIALIZED_AUTOS = YES_AGGRESSIVE;
				GCC_WARN_UNUSED_FUNCTION = YES;
				GCC_WARN_UNUSED_VARIABLE = YES;
				IPHONEOS_DEPLOYMENT_TARGET = 8.3;
				MTL_ENABLE_DEBUG_INFO = NO;
				SDKROOT = iphoneos;
				TARGETED_DEVICE_FAMILY = "1,2";
				VALIDATE_PRODUCT = YES;
			};
			name = Release;
		};
		1DA8D8521CACCD56009780C6 /* Debug */ = {
			isa = XCBuildConfiguration;
			buildSettings = {
				ASSETCATALOG_COMPILER_APPICON_NAME = AppIcon;
				INFOPLIST_FILE = OmarsWheterService/Info.plist;
				LD_RUNPATH_SEARCH_PATHS = "$(inherited) @executable_path/Frameworks";
				PRODUCT_NAME = "$(TARGET_NAME)";
			};
			name = Debug;
		};
		1DA8D8531CACCD56009780C6 /* Release */ = {
			isa = XCBuildConfiguration;
			buildSettings = {
				ASSETCATALOG_COMPILER_APPICON_NAME = AppIcon;
				INFOPLIST_FILE = OmarsWheterService/Info.plist;
				LD_RUNPATH_SEARCH_PATHS = "$(inherited) @executable_path/Frameworks";
				PRODUCT_NAME = "$(TARGET_NAME)";
			};
			name = Release;
		};
		1DA8D8551CACCD56009780C6 /* Debug */ = {
			isa = XCBuildConfiguration;
			buildSettings = {
				BUNDLE_LOADER = "$(TEST_HOST)";
				FRAMEWORK_SEARCH_PATHS = (
					"$(SDKROOT)/Developer/Library/Frameworks",
					"$(inherited)",
				);
				GCC_PREPROCESSOR_DEFINITIONS = (
					"DEBUG=1",
					"$(inherited)",
				);
				INFOPLIST_FILE = OmarsWheterServiceTests/Info.plist;
				LD_RUNPATH_SEARCH_PATHS = "$(inherited) @executable_path/Frameworks @loader_path/Frameworks";
				PRODUCT_NAME = "$(TARGET_NAME)";
				TEST_HOST = "$(BUILT_PRODUCTS_DIR)/OmarsWheterService.app/OmarsWheterService";
			};
			name = Debug;
		};
		1DA8D8561CACCD56009780C6 /* Release */ = {
			isa = XCBuildConfiguration;
			buildSettings = {
				BUNDLE_LOADER = "$(TEST_HOST)";
				FRAMEWORK_SEARCH_PATHS = (
					"$(SDKROOT)/Developer/Library/Frameworks",
					"$(inherited)",
				);
				INFOPLIST_FILE = OmarsWheterServiceTests/Info.plist;
				LD_RUNPATH_SEARCH_PATHS = "$(inherited) @executable_path/Frameworks @loader_path/Frameworks";
				PRODUCT_NAME = "$(TARGET_NAME)";
				TEST_HOST = "$(BUILT_PRODUCTS_DIR)/OmarsWheterService.app/OmarsWheterService";
			};
			name = Release;
		};
/* End XCBuildConfiguration section */

/* Begin XCConfigurationList section */
		1DA8D8231CACCD56009780C6 /* Build configuration list for PBXProject "OmarsWheterService" */ = {
			isa = XCConfigurationList;
			buildConfigurations = (
				1DA8D84F1CACCD56009780C6 /* Debug */,
				1DA8D8501CACCD56009780C6 /* Release */,
			);
			defaultConfigurationIsVisible = 0;
			defaultConfigurationName = Release;
		};
		1DA8D8511CACCD56009780C6 /* Build configuration list for PBXNativeTarget "OmarsWheterService" */ = {
			isa = XCConfigurationList;
			buildConfigurations = (
				1DA8D8521CACCD56009780C6 /* Debug */,
				1DA8D8531CACCD56009780C6 /* Release */,
			);
			defaultConfigurationIsVisible = 0;
		};
		1DA8D8541CACCD56009780C6 /* Build configuration list for PBXNativeTarget "OmarsWheterServiceTests" */ = {
			isa = XCConfigurationList;
			buildConfigurations = (
				1DA8D8551CACCD56009780C6 /* Debug */,
				1DA8D8561CACCD56009780C6 /* Release */,
			);
			defaultConfigurationIsVisible = 0;
		};
/* End XCConfigurationList section */

/* Begin XCVersionGroup section */
		1DA8D8321CACCD56009780C6 /* OmarsWheterService.xcdatamodeld */ = {
			isa = XCVersionGroup;
			children = (
				1DA8D8331CACCD56009780C6 /* OmarsWheterService.xcdatamodel */,
			);
			currentVersion = 1DA8D8331CACCD56009780C6 /* OmarsWheterService.xcdatamodel */;
			path = OmarsWheterService.xcdatamodeld;
			sourceTree = "<group>";
			versionGroupType = wrapper.xcdatamodel;
		};
/* End XCVersionGroup section */
	};
	rootObject = 1DA8D8201CACCD56009780C6 /* Project object */;
}
